
Microsoft Visual Studio Solution File, Format Version 12.00
# Visual Studio Version 16
VisualStudioVersion = 16.0.31702.278
MinimumVisualStudioVersion = 10.0.40219.1
Project("{FAE04EC0-301F-11D3-BF4B-00C04F79EFBC}") = "RestauranteElEmperador", "RestauranteElEmperador.csproj", "{8CCDD22E-9B4C-493A-A7B7-39961304387B}"
EndProject
Global
	GlobalSection(SolutionConfigurationPlatforms) = preSolution
		Debug|Any CPU = Debug|Any CPU
		Release|Any CPU = Release|Any CPU
	EndGlobalSection
	GlobalSection(ProjectConfigurationPlatforms) = postSolution
		{8CCDD22E-9B4C-493A-A7B7-39961304387B}.Debug|Any CPU.ActiveCfg = Debug|Any CPU
		{8CCDD22E-9B4C-493A-A7B7-39961304387B}.Debug|Any CPU.Build.0 = Debug|Any CPU
		{8CCDD22E-9B4C-493A-A7B7-39961304387B}.Release|Any CPU.ActiveCfg = Release|Any CPU
		{8CCDD22E-9B4C-493A-A7B7-39961304387B}.Release|Any CPU.Build.0 = Release|Any CPU
	EndGlobalSection
	GlobalSection(SolutionProperties) = preSolution
		HideSolutionNode = FALSE
	EndGlobalSection
	GlobalSection(ExtensibilityGlobals) = postSolution
		SolutionGuid = {7E74BFB9-6160-4E38-875E-37480DB68708}
	EndGlobalSection
EndGlobal
